<?xml version="1.0" encoding="utf-8"?>
<Project ToolsVersion="4.0" xmlns="http://schemas.microsoft.com/developer/msbuild/2003">
  <ItemGroup>
    <Filter Include="src">
      <UniqueIdentifier>{4FC737F1-C7A5-4376-A066-2A32D752A2FF}</UniqueIdentifier>
      <Extensions>cpp;c;cc;cxx;def;odl;idl;hpj;bat;asm;asmx</Extensions>
    </Filter>
    <Filter Include="src\tensorRT">
      <UniqueIdentifier>{79d3d8aa-dc41-40ef-914d-899ede7a4ff3}</UniqueIdentifier>
    </Filter>
    <Filter Include="src\tensorRT\builder">
      <UniqueIdentifier>{6fd95f25-8340-4579-97c3-366a51647a2b}</UniqueIdentifier>
    </Filter>
    <Filter Include="src\tensorRT\common">
      <UniqueIdentifier>{f9f9b136-60b9-4a7a-a11c-b21f989aaefe}</UniqueIdentifier>
    </Filter>
    <Filter Include="src\tensorRT\infer">
      <UniqueIdentifier>{47260050-fd81-401d-99cb-c5baf8cee6aa}</UniqueIdentifier>
    </Filter>
    <Filter Include="src\tensorRT\onnx">
      <UniqueIdentifier>{c6c64bfc-2925-4af7-b3ab-3d067ba2274d}</UniqueIdentifier>
    </Filter>
    <Filter Include="src\tensorRT\onnx_parser">
      <UniqueIdentifier>{5bdc58cb-9638-473f-bbc4-b238d4d9c205}</UniqueIdentifier>
    </Filter>
    <Filter Include="src\tensorRT\onnxplugin">
      <UniqueIdentifier>{4a848eff-4d8e-470a-8654-2409fa2c868d}</UniqueIdentifier>
    </Filter>
    <Filter Include="src\tensorRT\onnxplugin\plugins">
      <UniqueIdentifier>{519cfa77-e813-477c-95d5-579dee1dbe29}</UniqueIdentifier>
    </Filter>
  </ItemGroup>
  <ItemGroup>
    <ClCompile Include="src\tensorRT\builder\trt_builder.cpp">
      <Filter>src\tensorRT\builder</Filter>
    </ClCompile>
    <ClCompile Include="src\tensorRT\common\cuda_tools.cpp">
      <Filter>src\tensorRT\common</Filter>
    </ClCompile>
    <ClCompile Include="src\tensorRT\common\ilogger.cpp">
      <Filter>src\tensorRT\common</Filter>
    </ClCompile>
    <ClCompile Include="src\tensorRT\common\json.cpp">
      <Filter>src\tensorRT\common</Filter>
    </ClCompile>
    <ClCompile Include="src\tensorRT\common\trt_tensor.cpp">
      <Filter>src\tensorRT\common</Filter>
    </ClCompile>
    <ClCompile Include="src\tensorRT\infer\trt_infer.cpp">
      <Filter>src\tensorRT\infer</Filter>
    </ClCompile>
    <ClCompile Include="src\tensorRT\onnx\onnx-ml.pb.cpp">
      <Filter>src\tensorRT\onnx</Filter>
    </ClCompile>
    <ClCompile Include="src\tensorRT\onnx\onnx-operators-ml.pb.cpp">
      <Filter>src\tensorRT\onnx</Filter>
    </ClCompile>
    <ClCompile Include="src\tensorRT\onnxplugin\onnxplugin.cpp">
      <Filter>src\tensorRT\onnxplugin</Filter>
    </ClCompile>
    <ClCompile Include="src\tensorRT\onnxplugin\plugin_binary_io.cpp">
      <Filter>src\tensorRT\onnxplugin</Filter>
    </ClCompile>
    <ClCompile Include="src\tensorRT\import_lib.cpp">
      <Filter>src\tensorRT</Filter>
    </ClCompile>
    <ClCompile Include="src\tensorRT\onnx_parser\builtin_op_importers.cpp">
      <Filter>src</Filter>
    </ClCompile>
    <ClCompile Include="src\tensorRT\onnx_parser\LoopHelpers.cpp">
      <Filter>src</Filter>
    </ClCompile>
    <ClCompile Include="src\tensorRT\onnx_parser\ModelImporter.cpp">
      <Filter>src</Filter>
    </ClCompile>
    <ClCompile Include="src\tensorRT\onnx_parser\NvOnnxParser.cpp">
      <Filter>src</Filter>
    </ClCompile>
    <ClCompile Include="src\tensorRT\onnx_parser\onnx2trt_utils.cpp">
      <Filter>src</Filter>
    </ClCompile>
    <ClCompile Include="src\tensorRT\onnx_parser\OnnxAttrs.cpp">
      <Filter>src</Filter>
    </ClCompile>
    <ClCompile Include="src\tensorRT\onnx_parser\RNNHelpers.cpp">
      <Filter>src</Filter>
    </ClCompile>
    <ClCompile Include="src\tensorRT\onnx_parser\ShapedWeights.cpp">
      <Filter>src</Filter>
    </ClCompile>
    <ClCompile Include="src\tensorRT\onnx_parser\ShapeTensor.cpp">
      <Filter>src</Filter>
    </ClCompile>
    <ClCompile Include="test\base_test.cpp">
      <Filter>src</Filter>
    </ClCompile>
    <ClCompile Include="test\benchmark.cpp">
      <Filter>src</Filter>
    </ClCompile>
    <ClCompile Include="test\detection_app_test.cpp">
      <Filter>src</Filter>
    </ClCompile>
    <ClCompile Include="test\main.cpp">
      <Filter>src</Filter>
    </ClCompile>
    <ClCompile Include="src\app\app.cpp">
      <Filter>src</Filter>
    </ClCompile>
    <ClCompile Include="src\app\detection.cpp">
      <Filter>src</Filter>
    </ClCompile>
    <ClCompile Include="src\app\pre_processing.cpp">
      <Filter>src</Filter>
    </ClCompile>
    <ClCompile Include="src\tensorRT\onnx_parser\onnxErrorRecorder.cpp">
      <Filter>src</Filter>
    </ClCompile>
    <ClCompile Include="test\plugin_parser_test.cpp">
      <Filter>src</Filter>
    </ClCompile>
    <ClCompile Include="third_party\mmdeploy\csrc\mmdeploy\backend_ops\tensorrt\batched_bev_nms\trt_batched_bev_nms.cpp">
      <Filter>src</Filter>
    </ClCompile>
    <ClCompile Include="third_party\mmdeploy\csrc\mmdeploy\backend_ops\tensorrt\batched_nms\trt_batched_nms.cpp">
      <Filter>src</Filter>
    </ClCompile>
    <ClCompile Include="third_party\mmdeploy\csrc\mmdeploy\backend_ops\tensorrt\batched_rotated_nms\trt_batched_rotated_nms.cpp">
      <Filter>src</Filter>
    </ClCompile>
    <ClCompile Include="third_party\mmdeploy\csrc\mmdeploy\backend_ops\tensorrt\bicubic_interpolate\trt_bicubic_interpolate.cpp">
      <Filter>src</Filter>
    </ClCompile>
    <ClCompile Include="third_party\mmdeploy\csrc\mmdeploy\backend_ops\tensorrt\common_impl\nms\batched_nms_kernel.cpp">
      <Filter>src</Filter>
    </ClCompile>
    <ClCompile Include="third_party\mmdeploy\csrc\mmdeploy\backend_ops\tensorrt\deform_conv\trt_deform_conv.cpp">
      <Filter>src</Filter>
    </ClCompile>
    <ClCompile Include="third_party\mmdeploy\csrc\mmdeploy\backend_ops\tensorrt\gather_topk\gather_topk.cpp">
      <Filter>src</Filter>
    </ClCompile>
    <ClCompile Include="third_party\mmdeploy\csrc\mmdeploy\backend_ops\tensorrt\grid_priors\trt_grid_priors.cpp">
      <Filter>src</Filter>
    </ClCompile>
    <ClCompile Include="third_party\mmdeploy\csrc\mmdeploy\backend_ops\tensorrt\grid_sampler\trt_grid_sampler.cpp">
      <Filter>src</Filter>
    </ClCompile>
    <ClCompile Include="third_party\mmdeploy\csrc\mmdeploy\backend_ops\tensorrt\instance_norm\trt_instance_norm.cpp">
      <Filter>src</Filter>
    </ClCompile>
    <ClCompile Include="third_party\mmdeploy\csrc\mmdeploy\backend_ops\tensorrt\modulated_deform_conv\trt_modulated_deform_conv.cpp">
      <Filter>src</Filter>
    </ClCompile>
    <ClCompile Include="third_party\mmdeploy\csrc\mmdeploy\backend_ops\tensorrt\multi_level_roi_align\trt_multi_level_roi_align.cpp">
      <Filter>src</Filter>
    </ClCompile>
    <ClCompile Include="third_party\mmdeploy\csrc\mmdeploy\backend_ops\tensorrt\multi_level_rotated_roi_align\trt_multi_level_rotated_roi_align.cpp">
      <Filter>src</Filter>
    </ClCompile>
    <ClCompile Include="third_party\mmdeploy\csrc\mmdeploy\backend_ops\tensorrt\roi_align\trt_roi_align.cpp">
      <Filter>src</Filter>
    </ClCompile>
    <ClCompile Include="third_party\mmdeploy\csrc\mmdeploy\backend_ops\tensorrt\scaled_dot_product_attention\scaled_dot_product_attention.cpp">
      <Filter>src</Filter>
    </ClCompile>
    <ClCompile Include="third_party\mmdeploy\csrc\mmdeploy\backend_ops\tensorrt\scatternd\trt_scatternd.cpp">
      <Filter>src</Filter>
    </ClCompile>
  </ItemGroup>
  <ItemGroup>
    <ClInclude Include="src\tensorRT\builder\trt_builder.hpp">
      <Filter>src\tensorRT\builder</Filter>
    </ClInclude>
    <ClInclude Include="src\tensorRT\common\cuda_tools.hpp">
      <Filter>src\tensorRT\common</Filter>
    </ClInclude>
    <ClInclude Include="src\tensorRT\common\ilogger.hpp">
      <Filter>src\tensorRT\common</Filter>
    </ClInclude>
    <ClInclude Include="src\tensorRT\common\infer_controller.hpp">
      <Filter>src\tensorRT\common</Filter>
    </ClInclude>
    <ClInclude Include="src\tensorRT\common\json.hpp">
      <Filter>src\tensorRT\common</Filter>
    </ClInclude>
    <ClInclude Include="src\tensorRT\common\monopoly_allocator.hpp">
      <Filter>src\tensorRT\common</Filter>
    </ClInclude>
    <ClInclude Include="src\tensorRT\common\preprocess_kernel.cuh">
      <Filter>src\tensorRT\common</Filter>
    </ClInclude>
    <ClInclude Include="src\tensorRT\common\trt_tensor.hpp">
      <Filter>src\tensorRT\common</Filter>
    </ClInclude>
    <ClInclude Include="src\tensorRT\infer\trt_infer.hpp">
      <Filter>src\tensorRT\infer</Filter>
    </ClInclude>
    <ClInclude Include="src\tensorRT\onnx\onnx_pb.h">
      <Filter>src\tensorRT\onnx</Filter>
    </ClInclude>
    <ClInclude Include="src\tensorRT\onnx\onnxifi.h">
      <Filter>src\tensorRT\onnx</Filter>
    </ClInclude>
    <ClInclude Include="src\tensorRT\onnx\onnx-ml.pb.h">
      <Filter>src\tensorRT\onnx</Filter>
    </ClInclude>
    <ClInclude Include="src\tensorRT\onnx\onnx-operators-ml.pb.h">
      <Filter>src\tensorRT\onnx</Filter>
    </ClInclude>
    <ClInclude Include="src\tensorRT\onnxplugin\onnxplugin.hpp">
      <Filter>src\tensorRT\onnxplugin</Filter>
    </ClInclude>
    <ClInclude Include="src\tensorRT\onnxplugin\plugin_binary_io.hpp">
      <Filter>src\tensorRT\onnxplugin</Filter>
    </ClInclude>
    <ClInclude Include="src\tensorRT\onnx_parser\builtin_op_importers.hpp" />
    <ClInclude Include="src\tensorRT\onnx_parser\ImporterContext.hpp" />
    <ClInclude Include="src\tensorRT\onnx_parser\LoopHelpers.hpp" />
    <ClInclude Include="src\tensorRT\onnx_parser\ModelImporter.hpp" />
    <ClInclude Include="src\tensorRT\onnx_parser\NvOnnxParser.h" />
    <ClInclude Include="src\tensorRT\onnx_parser\onnx2trt.hpp" />
    <ClInclude Include="src\tensorRT\onnx_parser\onnx2trt_common.hpp" />
    <ClInclude Include="src\tensorRT\onnx_parser\onnx2trt_runtime.hpp" />
    <ClInclude Include="src\tensorRT\onnx_parser\onnx2trt_utils.hpp" />
    <ClInclude Include="src\tensorRT\onnx_parser\OnnxAttrs.hpp" />
    <ClInclude Include="src\tensorRT\onnx_parser\onnx_utils.hpp" />
    <ClInclude Include="src\tensorRT\onnx_parser\RNNHelpers.hpp" />
    <ClInclude Include="src\tensorRT\onnx_parser\ShapedWeights.hpp" />
    <ClInclude Include="src\tensorRT\onnx_parser\ShapeTensor.hpp" />
    <ClInclude Include="src\tensorRT\onnx_parser\Status.hpp" />
    <ClInclude Include="src\tensorRT\onnx_parser\TensorOrWeights.hpp" />
    <ClInclude Include="src\tensorRT\onnx_parser\toposort.hpp" />
    <ClInclude Include="src\tensorRT\onnx_parser\trt_utils.hpp" />
    <ClInclude Include="src\tensorRT\onnx_parser\utils.hpp" />
    <ClInclude Include="src\app\app.hpp" />
    <ClInclude Include="src\app\detection.h" />
    <ClInclude Include="src\app\pre_processing.h" />
    <ClInclude Include="src\tensorRT\onnx_parser\onnxErrorRecorder.hpp" />
    <ClInclude Include="third_party\mmdeploy\csrc\mmdeploy\backend_ops\common\modulated_deform_conv\modulated_deform_conv_cpu.h" />
    <ClInclude Include="third_party\mmdeploy\csrc\mmdeploy\backend_ops\tensorrt\batched_bev_nms\trt_batched_bev_nms.hpp" />
    <ClInclude Include="third_party\mmdeploy\csrc\mmdeploy\backend_ops\tensorrt\batched_nms\trt_batched_nms.hpp" />
    <ClInclude Include="third_party\mmdeploy\csrc\mmdeploy\backend_ops\tensorrt\batched_rotated_nms\trt_batched_rotated_nms.hpp" />
    <ClInclude Include="third_party\mmdeploy\csrc\mmdeploy\backend_ops\tensorrt\bicubic_interpolate\trt_bicubic_interpolate.hpp" />
    <ClInclude Include="third_party\mmdeploy\csrc\mmdeploy\backend_ops\tensorrt\bicubic_interpolate\trt_bicubic_interpolate_kernel.hpp" />
    <ClInclude Include="third_party\mmdeploy\csrc\mmdeploy\backend_ops\tensorrt\common\nms\batched_nms_kernel.hpp" />
    <ClInclude Include="third_party\mmdeploy\csrc\mmdeploy\backend_ops\tensorrt\common\nms\cub_helper.h" />
    <ClInclude Include="third_party\mmdeploy\csrc\mmdeploy\backend_ops\tensorrt\common\nms\kernel.h" />
    <ClInclude Include="third_party\mmdeploy\csrc\mmdeploy\backend_ops\tensorrt\common\common_cuda_helper.hpp" />
    <ClInclude Include="third_party\mmdeploy\csrc\mmdeploy\backend_ops\tensorrt\common\trt_plugin_base.hpp" />
    <ClInclude Include="third_party\mmdeploy\csrc\mmdeploy\backend_ops\tensorrt\common\trt_plugin_helper.hpp" />
    <ClInclude Include="third_party\mmdeploy\csrc\mmdeploy\backend_ops\tensorrt\common\trt_serialize.hpp" />
    <ClInclude Include="third_party\mmdeploy\csrc\mmdeploy\backend_ops\tensorrt\deform_conv\trt_deform_conv.hpp" />
    <ClInclude Include="third_party\mmdeploy\csrc\mmdeploy\backend_ops\tensorrt\deform_conv\trt_deform_conv_kernel.hpp" />
    <ClInclude Include="third_party\mmdeploy\csrc\mmdeploy\backend_ops\tensorrt\gather_topk\gather_topk.hpp" />
    <ClInclude Include="third_party\mmdeploy\csrc\mmdeploy\backend_ops\tensorrt\gather_topk\gather_topk_kernel.hpp" />
    <ClInclude Include="third_party\mmdeploy\csrc\mmdeploy\backend_ops\tensorrt\grid_priors\trt_grid_priors.hpp" />
    <ClInclude Include="third_party\mmdeploy\csrc\mmdeploy\backend_ops\tensorrt\grid_priors\trt_grid_priors_kernel.hpp" />
    <ClInclude Include="third_party\mmdeploy\csrc\mmdeploy\backend_ops\tensorrt\grid_sampler\trt_grid_sampler.hpp" />
    <ClInclude Include="third_party\mmdeploy\csrc\mmdeploy\backend_ops\tensorrt\grid_sampler\trt_grid_sampler_kernel.hpp" />
    <ClInclude Include="third_party\mmdeploy\csrc\mmdeploy\backend_ops\tensorrt\instance_norm\trt_instance_norm.hpp" />
    <ClInclude Include="third_party\mmdeploy\csrc\mmdeploy\backend_ops\tensorrt\modulated_deform_conv\trt_modulated_deform_conv.hpp" />
    <ClInclude Include="third_party\mmdeploy\csrc\mmdeploy\backend_ops\tensorrt\modulated_deform_conv\trt_modulated_deform_conv_kernel.hpp" />
    <ClInclude Include="third_party\mmdeploy\csrc\mmdeploy\backend_ops\tensorrt\multi_level_roi_align\trt_multi_level_roi_align.hpp" />
    <ClInclude Include="third_party\mmdeploy\csrc\mmdeploy\backend_ops\tensorrt\multi_level_roi_align\trt_multi_level_roi_align_kernel.hpp" />
    <ClInclude Include="third_party\mmdeploy\csrc\mmdeploy\backend_ops\tensorrt\multi_level_rotated_roi_align\trt_multi_level_rotated_roi_align.hpp" />
    <ClInclude Include="third_party\mmdeploy\csrc\mmdeploy\backend_ops\tensorrt\multi_level_rotated_roi_align\trt_multi_level_rotated_roi_align_kernel.hpp" />
    <ClInclude Include="third_party\mmdeploy\csrc\mmdeploy\backend_ops\tensorrt\roi_align\trt_roi_align.hpp" />
    <ClInclude Include="third_party\mmdeploy\csrc\mmdeploy\backend_ops\tensorrt\roi_align\trt_roi_align_kernel.hpp" />
    <ClInclude Include="third_party\mmdeploy\csrc\mmdeploy\backend_ops\tensorrt\scaled_dot_product_attention\scaled_dot_product_attention.hpp" />
    <ClInclude Include="third_party\mmdeploy\csrc\mmdeploy\backend_ops\tensorrt\scaled_dot_product_attention\scaled_dot_product_attention_kernel.hpp" />
    <ClInclude Include="third_party\mmdeploy\csrc\mmdeploy\backend_ops\tensorrt\scatternd\trt_scatternd.hpp" />
    <ClInclude Include="third_party\mmdeploy\csrc\mmdeploy\backend_ops\tensorrt\scatternd\trt_scatternd_kernel.hpp" />
  </ItemGroup>
  <ItemGroup>
    <CudaCompile Include="src\tensorRT\common\preprocess_kernel.cu">
      <Filter>src\tensorRT\common</Filter>
    </CudaCompile>
    <CudaCompile Include="src\tensorRT\onnxplugin\plugins\HSwish.cu">
      <Filter>src\tensorRT\onnxplugin\plugins</Filter>
    </CudaCompile>
    <CudaCompile Include="src\tensorRT\onnxplugin\plugins\DCNv2.cu">
      <Filter>src\tensorRT\onnxplugin\plugins</Filter>
    </CudaCompile>
    <CudaCompile Include="src\tensorRT\onnxplugin\plugins\HSigmoid.cu" />
    <CudaCompile Include="src\tensorRT\onnxplugin\plugins\ScatterND.cu" />
    <CudaCompile Include="third_party\mmdeploy\csrc\mmdeploy\backend_ops\tensorrt\bicubic_interpolate\trt_bicubic_interpolate_kernel.cu" />
    <CudaCompile Include="third_party\mmdeploy\csrc\mmdeploy\backend_ops\tensorrt\common_impl\nms\allClassNMS.cu" />
    <CudaCompile Include="third_party\mmdeploy\csrc\mmdeploy\backend_ops\tensorrt\common_impl\nms\allClassRotatedNMS.cu" />
    <CudaCompile Include="third_party\mmdeploy\csrc\mmdeploy\backend_ops\tensorrt\common_impl\nms\gatherNMSOutputs.cu" />
    <CudaCompile Include="third_party\mmdeploy\csrc\mmdeploy\backend_ops\tensorrt\common_impl\nms\kernel.cu" />
    <CudaCompile Include="third_party\mmdeploy\csrc\mmdeploy\backend_ops\tensorrt\common_impl\nms\permuteData.cu" />
    <CudaCompile Include="third_party\mmdeploy\csrc\mmdeploy\backend_ops\tensorrt\common_impl\nms\sortScoresPerClass.cu" />
    <CudaCompile Include="third_party\mmdeploy\csrc\mmdeploy\backend_ops\tensorrt\common_impl\nms\sortScoresPerImage.cu" />
    <CudaCompile Include="third_party\mmdeploy\csrc\mmdeploy\backend_ops\tensorrt\common_impl\trt_cuda_helper.cu" />
    <CudaCompile Include="third_party\mmdeploy\csrc\mmdeploy\backend_ops\tensorrt\deform_conv\trt_deform_conv_kernel.cu" />
    <CudaCompile Include="third_party\mmdeploy\csrc\mmdeploy\backend_ops\tensorrt\gather_topk\gather_topk_kernel.cu" />
    <CudaCompile Include="third_party\mmdeploy\csrc\mmdeploy\backend_ops\tensorrt\grid_priors\trt_grid_priors_kernel.cu" />
    <CudaCompile Include="third_party\mmdeploy\csrc\mmdeploy\backend_ops\tensorrt\grid_sampler\trt_grid_sampler_kernel.cu" />
    <CudaCompile Include="third_party\mmdeploy\csrc\mmdeploy\backend_ops\tensorrt\modulated_deform_conv\trt_modulated_deform_conv_kernel.cu" />
    <CudaCompile Include="third_party\mmdeploy\csrc\mmdeploy\backend_ops\tensorrt\multi_level_roi_align\trt_multi_level_roi_align_kernel.cu" />
    <CudaCompile Include="third_party\mmdeploy\csrc\mmdeploy\backend_ops\tensorrt\multi_level_rotated_roi_align\trt_multi_level_rotated_roi_align_kernel.cu" />
    <CudaCompile Include="third_party\mmdeploy\csrc\mmdeploy\backend_ops\tensorrt\roi_align\trt_roi_align_kernel.cu" />
    <CudaCompile Include="third_party\mmdeploy\csrc\mmdeploy\backend_ops\tensorrt\scaled_dot_product_attention\scaled_dot_product_attention_kernel.cu" />
    <CudaCompile Include="third_party\mmdeploy\csrc\mmdeploy\backend_ops\tensorrt\scatternd\trt_scatternd_kernel.cu" />
  </ItemGroup>
  <ItemGroup>
    <None Include="dll_export.def" />
  </ItemGroup>
</Project>